
Microsoft Visual Studio Solution File, Format Version 12.00
# Visual Studio Version 17
VisualStudioVersion = 17.4.33403.182
MinimumVisualStudioVersion = 10.0.40219.1
Project("{FAE04EC0-301F-11D3-BF4B-00C04F79EFBC}") = "Employee Wage working hr or day in a month", "Employee Wage working hr or day in a month\Employee Wage working hr or day in a month.csproj", "{2A7C8717-EEE8-497F-98D9-40C2B17912BF}"
EndProject
Global
	GlobalSection(SolutionConfigurationPlatforms) = preSolution
		Debug|Any CPU = Debug|Any CPU
		Release|Any CPU = Release|Any CPU
	EndGlobalSection
	GlobalSection(ProjectConfigurationPlatforms) = postSolution
		{2A7C8717-EEE8-497F-98D9-40C2B17912BF}.Debug|Any CPU.ActiveCfg = Debug|Any CPU
		{2A7C8717-EEE8-497F-98D9-40C2B17912BF}.Debug|Any CPU.Build.0 = Debug|Any CPU
		{2A7C8717-EEE8-497F-98D9-40C2B17912BF}.Release|Any CPU.ActiveCfg = Release|Any CPU
		{2A7C8717-EEE8-497F-98D9-40C2B17912BF}.Release|Any CPU.Build.0 = Release|Any CPU
	EndGlobalSection
	GlobalSection(SolutionProperties) = preSolution
		HideSolutionNode = FALSE
	EndGlobalSection
	GlobalSection(ExtensibilityGlobals) = postSolution
		SolutionGuid = {3D5D43DA-3520-4A30-AB52-D943DF7CCEDC}
	EndGlobalSection
EndGlobal
